
Microsoft Visual Studio Solution File, Format Version 12.00
# Visual Studio Version 17
VisualStudioVersion = 17.6.33801.468
MinimumVisualStudioVersion = 10.0.40219.1
Project("{FAE04EC0-301F-11D3-BF4B-00C04F79EFBC}") = "QarzOldiBerdi", "QarzOldiBerdi\QarzOldiBerdi.csproj", "{5BD5372B-4FD6-422A-8C69-31A259487F9C}"
EndProject
Global
	GlobalSection(SolutionConfigurationPlatforms) = preSolution
		Debug|Any CPU = Debug|Any CPU
		Release|Any CPU = Release|Any CPU
	EndGlobalSection
	GlobalSection(ProjectConfigurationPlatforms) = postSolution
		{5BD5372B-4FD6-422A-8C69-31A259487F9C}.Debug|Any CPU.ActiveCfg = Debug|Any CPU
		{5BD5372B-4FD6-422A-8C69-31A259487F9C}.Debug|Any CPU.Build.0 = Debug|Any CPU
		{5BD5372B-4FD6-422A-8C69-31A259487F9C}.Release|Any CPU.ActiveCfg = Release|Any CPU
		{5BD5372B-4FD6-422A-8C69-31A259487F9C}.Release|Any CPU.Build.0 = Release|Any CPU
	EndGlobalSection
	GlobalSection(SolutionProperties) = preSolution
		HideSolutionNode = FALSE
	EndGlobalSection
	GlobalSection(ExtensibilityGlobals) = postSolution
		SolutionGuid = {5BD58B7E-1945-47D4-828A-A1B21ACD8013}
	EndGlobalSection
EndGlobal
